
Microsoft Visual Studio Solution File, Format Version 12.00
# Visual Studio Version 17
VisualStudioVersion = 17.2.32519.379
MinimumVisualStudioVersion = 10.0.40219.1
Project("{FAE04EC0-301F-11D3-BF4B-00C04F79EFBC}") = "Calculadora de IMC", "Calculadora de IMC\Calculadora de IMC.csproj", "{94D72039-4EE0-41FC-8AFD-6DF3F118D81F}"
EndProject
Global
	GlobalSection(SolutionConfigurationPlatforms) = preSolution
		Debug|Any CPU = Debug|Any CPU
		Release|Any CPU = Release|Any CPU
	EndGlobalSection
	GlobalSection(ProjectConfigurationPlatforms) = postSolution
		{94D72039-4EE0-41FC-8AFD-6DF3F118D81F}.Debug|Any CPU.ActiveCfg = Debug|Any CPU
		{94D72039-4EE0-41FC-8AFD-6DF3F118D81F}.Debug|Any CPU.Build.0 = Debug|Any CPU
		{94D72039-4EE0-41FC-8AFD-6DF3F118D81F}.Release|Any CPU.ActiveCfg = Release|Any CPU
		{94D72039-4EE0-41FC-8AFD-6DF3F118D81F}.Release|Any CPU.Build.0 = Release|Any CPU
	EndGlobalSection
	GlobalSection(SolutionProperties) = preSolution
		HideSolutionNode = FALSE
	EndGlobalSection
	GlobalSection(ExtensibilityGlobals) = postSolution
		SolutionGuid = {00448F98-E089-43EC-885A-E5F420DCE9E8}
	EndGlobalSection
EndGlobal
